
Microsoft Visual Studio Solution File, Format Version 12.00
# Visual Studio 15
VisualStudioVersion = 15.0.28307.779
MinimumVisualStudioVersion = 10.0.40219.1
Project("{FAE04EC0-301F-11D3-BF4B-00C04F79EFBC}") = "AgentManagement.Domain", "AgentManagement.Domain\AgentManagement.Domain.csproj", "{100B066D-552F-4BD4-B7C7-7867787ACC9E}"
EndProject
Global
	GlobalSection(SolutionConfigurationPlatforms) = preSolution
		Debug|Any CPU = Debug|Any CPU
		Release|Any CPU = Release|Any CPU
	EndGlobalSection
	GlobalSection(ProjectConfigurationPlatforms) = postSolution
		{100B066D-552F-4BD4-B7C7-7867787ACC9E}.Debug|Any CPU.ActiveCfg = Debug|Any CPU
		{100B066D-552F-4BD4-B7C7-7867787ACC9E}.Debug|Any CPU.Build.0 = Debug|Any CPU
		{100B066D-552F-4BD4-B7C7-7867787ACC9E}.Release|Any CPU.ActiveCfg = Release|Any CPU
		{100B066D-552F-4BD4-B7C7-7867787ACC9E}.Release|Any CPU.Build.0 = Release|Any CPU
	EndGlobalSection
	GlobalSection(SolutionProperties) = preSolution
		HideSolutionNode = FALSE
	EndGlobalSection
	GlobalSection(ExtensibilityGlobals) = postSolution
		SolutionGuid = {6B677457-3DD0-4F67-9DA8-B2355CFFFFBA}
	EndGlobalSection
EndGlobal
